{
    "name": "reporter-liquid-preview",
    "version": "1.0.0",
    "lockfileVersion": 3,
    "requires": true,
    "packages": {
        "": {
            "name": "reporter-liquid-preview",
            "version": "1.0.0",
            "dependencies": {
                "liquidjs": "^8.4.1"
            },
            "devDependencies": {
                "@types/vscode": "^1.32.0"
            },
            "engines": {
                "vscode": "^1.32.0"
            }
        },
        "node_modules/@types/vscode": {
            "version": "1.36.0",
            "resolved": "https://registry.npmjs.org/@types/vscode/-/vscode-1.36.0.tgz",
            "integrity": "sha512-SbHR3Q5g/C3N+Ila3KrRf1rSZiyHxWdOZ7X3yFHXzw6HrvRLuVZrxnwEX0lTBMRpH9LkwZdqRTgXW+D075jxkg==",
            "dev": true
        },
        "node_modules/liquidjs": {
            "version": "8.4.1",
            "resolved": "https://registry.npmjs.org/liquidjs/-/liquidjs-8.4.1.tgz",
            "integrity": "sha512-bCGx4AEgCCyaBoX0Rvbj9n1jWhC6gihAx/IULHFfYbR+ear3P2Yk3yeqJThZ8RdL9iOCYZX1I7v13gyV/P/SZA==",
            "engines": {
                "node": ">=4.8.7"
            }
        }
    }
}
